// !$*UTF8*$!
{
	archiveVersion = 1;
	classes = {
	};
	objectVersion = 50;
	objects = {

/* Begin PBXBuildFile section */
		36132FC32167F1910039ADE4 /* AppDelegate.swift in Sources */ = {isa = PBXBuildFile; fileRef = 36132FC22167F1910039ADE4 /* AppDelegate.swift */; };
		36132FC52167F1910039ADE4 /* ViewController.swift in Sources */ = {isa = PBXBuildFile; fileRef = 36132FC42167F1910039ADE4 /* ViewController.swift */; };
		36132FC82167F1920039ADE4 /* Main.storyboard in Resources */ = {isa = PBXBuildFile; fileRef = 36132FC62167F1920039ADE4 /* Main.storyboard */; };
		36132FCA2167F1930039ADE4 /* Assets.xcassets in Resources */ = {isa = PBXBuildFile; fileRef = 36132FC92167F1930039ADE4 /* Assets.xcassets */; };
		36132FCD2167F1930039ADE4 /* LaunchScreen.storyboard in Resources */ = {isa = PBXBuildFile; fileRef = 36132FCB2167F1930039ADE4 /* LaunchScreen.storyboard */; };
		36132FD82167F1930039ADE4 /* TumblrTests.swift in Sources */ = {isa = PBXBuildFile; fileRef = 36132FD72167F1930039ADE4 /* TumblrTests.swift */; };
		36132FE32167F1930039ADE4 /* TumblrUITests.swift in Sources */ = {isa = PBXBuildFile; fileRef = 36132FE22167F1930039ADE4 /* TumblrUITests.swift */; };
/* End PBXBuildFile section */

/* Begin PBXContainerItemProxy section */
		36132FD42167F1930039ADE4 /* PBXContainerItemProxy */ = {
			isa = PBXContainerItemProxy;
			containerPortal = 36132FB72167F1910039ADE4 /* Project object */;
			proxyType = 1;
			remoteGlobalIDString = 36132FBE2167F1910039ADE4;
			remoteInfo = Tumblr;
		};
		36132FDF2167F1930039ADE4 /* PBXContainerItemProxy */ = {
			isa = PBXContainerItemProxy;
			containerPortal = 36132FB72167F1910039ADE4 /* Project object */;
			proxyType = 1;
			remoteGlobalIDString = 36132FBE2167F1910039ADE4;
			remoteInfo = Tumblr;
		};
/* End PBXContainerItemProxy section */

/* Begin PBXFileReference section */
		36132FBF2167F1910039ADE4 /* Tumblr.app */ = {isa = PBXFileReference; explicitFileType = wrapper.application; includeInIndex = 0; path = Tumblr.app; sourceTree = BUILT_PRODUCTS_DIR; };
		36132FC22167F1910039ADE4 /* AppDelegate.swift */ = {isa = PBXFileReference; lastKnownFileType = sourcecode.swift; path = AppDelegate.swift; sourceTree = "<group>"; };
		36132FC42167F1910039ADE4 /* ViewController.swift */ = {isa = PBXFileReference; lastKnownFileType = sourcecode.swift; path = ViewController.swift; sourceTree = "<group>"; };
		36132FC72167F1920039ADE4 /* Base */ = {isa = PBXFileReference; lastKnownFileType = file.storyboard; name = Base; path = Base.lproj/Main.storyboard; sourceTree = "<group>"; };
		36132FC92167F1930039ADE4 /* Assets.xcassets */ = {isa = PBXFileReference; lastKnownFileType = folder.assetcatalog; path = Assets.xcassets; sourceTree = "<group>"; };
		36132FCC2167F1930039ADE4 /* Base */ = {isa = PBXFileReference; lastKnownFileType = file.storyboard; name = Base; path = Base.lproj/LaunchScreen.storyboard; sourceTree = "<group>"; };
		36132FCE2167F1930039ADE4 /* Info.plist */ = {isa = PBXFileReference; lastKnownFileType = text.plist.xml; path = Info.plist; sourceTree = "<group>"; };
		36132FD32167F1930039ADE4 /* TumblrTests.xctest */ = {isa = PBXFileReference; explicitFileType = wrapper.cfbundle; includeInIndex = 0; path = TumblrTests.xctest; sourceTree = BUILT_PRODUCTS_DIR; };
		36132FD72167F1930039ADE4 /* TumblrTests.swift */ = {isa = PBXFileReference; lastKnownFileType = sourcecode.swift; path = TumblrTests.swift; sourceTree = "<group>"; };
		36132FD92167F1930039ADE4 /* Info.plist */ = {isa = PBXFileReference; lastKnownFileType = text.plist.xml; path = Info.plist; sourceTree = "<group>"; };
		36132FDE2167F1930039ADE4 /* TumblrUITests.xctest */ = {isa = PBXFileReference; explicitFileType = wrapper.cfbundle; includeInIndex = 0; path = TumblrUITests.xctest; sourceTree = BUILT_PRODUCTS_DIR; };
		36132FE22167F1930039ADE4 /* TumblrUITests.swift */ = {isa = PBXFileReference; lastKnownFileType = sourcecode.swift; path = TumblrUITests.swift; sourceTree = "<group>"; };
		36132FE42167F1930039ADE4 /* Info.plist */ = {isa = PBXFileReference; lastKnownFileType = text.plist.xml; path = Info.plist; sourceTree = "<group>"; };
/* End PBXFileReference section */

/* Begin PBXFrameworksBuildPhase section */
		36132FBC2167F1910039ADE4 /* Frameworks */ = {
			isa = PBXFrameworksBuildPhase;
			buildActionMask = 2147483647;
			files = (
			);
			runOnlyForDeploymentPostprocessing = 0;
		};
		36132FD02167F1930039ADE4 /* Frameworks */ = {
			isa = PBXFrameworksBuildPhase;
			buildActionMask = 2147483647;
			files = (
			);
			runOnlyForDeploymentPostprocessing = 0;
		};
		36132FDB2167F1930039ADE4 /* Frameworks */ = {
			isa = PBXFrameworksBuildPhase;
			buildActionMask = 2147483647;
			files = (
			);
			runOnlyForDeploymentPostprocessing = 0;
		};
/* End PBXFrameworksBuildPhase section */

/* Begin PBXGroup section */
		36132FB62167F1910039ADE4 = {
			isa = PBXGroup;
			children = (
				36132FC12167F1910039ADE4 /* Tumblr */,
				36132FD62167F1930039ADE4 /* TumblrTests */,
				36132FE12167F1930039ADE4 /* TumblrUITests */,
				36132FC02167F1910039ADE4 /* Products */,
			);
			sourceTree = "<group>";
		};
		36132FC02167F1910039ADE4 /* Products */ = {
			isa = PBXGroup;
			children = (
				36132FBF2167F1910039ADE4 /* Tumblr.app */,
				36132FD32167F1930039ADE4 /* TumblrTests.xctest */,
				36132FDE2167F1930039ADE4 /* TumblrUITests.xctest */,
			);
			name = Products;
			sourceTree = "<group>";
		};
		36132FC12167F1910039ADE4 /* Tumblr */ = {
			isa = PBXGroup;
			children = (
				36132FC22167F1910039ADE4 /* AppDelegate.swift */,
				36132FC42167F1910039ADE4 /* ViewController.swift */,
				36132FC62167F1920039ADE4 /* Main.storyboard */,
				36132FC92167F1930039ADE4 /* Assets.xcassets */,
				36132FCB2167F1930039ADE4 /* LaunchScreen.storyboard */,
				36132FCE2167F1930039ADE4 /* Info.plist */,
			);
			path = Tumblr;
			sourceTree = "<group>";
		};
		36132FD62167F1930039ADE4 /* TumblrTests */ = {
			isa = PBXGroup;
			children = (
				36132FD72167F1930039ADE4 /* TumblrTests.swift */,
				36132FD92167F1930039ADE4 /* Info.plist */,
			);
			path = TumblrTests;
			sourceTree = "<group>";
		};
		36132FE12167F1930039ADE4 /* TumblrUITests */ = {
			isa = PBXGroup;
			children = (
				36132FE22167F1930039ADE4 /* TumblrUITests.swift */,
				36132FE42167F1930039ADE4 /* Info.plist */,
			);
			path = TumblrUITests;
			sourceTree = "<group>";
		};
/* End PBXGroup section */

/* Begin PBXNativeTarget section */
		36132FBE2167F1910039ADE4 /* Tumblr */ = {
			isa = PBXNativeTarget;
			buildConfigurationList = 36132FE72167F1930039ADE4 /* Build configuration list for PBXNativeTarget "Tumblr" */;
			buildPhases = (
				36132FBB2167F1910039ADE4 /* Sources */,
				36132FBC2167F1910039ADE4 /* Frameworks */,
				36132FBD2167F1910039ADE4 /* Resources */,
			);
			buildRules = (
			);
			dependencies = (
			);
			name = Tumblr;
			productName = Tumblr;
			productReference = 36132FBF2167F1910039ADE4 /* Tumblr.app */;
			productType = "com.apple.product-type.application";
		};
		36132FD22167F1930039ADE4 /* TumblrTests */ = {
			isa = PBXNativeTarget;
			buildConfigurationList = 36132FEA2167F1930039ADE4 /* Build configuration list for PBXNativeTarget "TumblrTests" */;
			buildPhases = (
				36132FCF2167F1930039ADE4 /* Sources */,
				36132FD02167F1930039ADE4 /* Frameworks */,
				36132FD12167F1930039ADE4 /* Resources */,
			);
			buildRules = (
			);
			dependencies = (
				36132FD52167F1930039ADE4 /* PBXTargetDependency */,
			);
			name = TumblrTests;
			productName = TumblrTests;
			productReference = 36132FD32167F1930039ADE4 /* TumblrTests.xctest */;
			productType = "com.apple.product-type.bundle.unit-test";
		};
		36132FDD2167F1930039ADE4 /* TumblrUITests */ = {
			isa = PBXNativeTarget;
			buildConfigurationList = 36132FED2167F1930039ADE4 /* Build configuration list for PBXNativeTarget "TumblrUITests" */;
			buildPhases = (
				36132FDA2167F1930039ADE4 /* Sources */,
				36132FDB2167F1930039ADE4 /* Frameworks */,
				36132FDC2167F1930039ADE4 /* Resources */,
			);
			buildRules = (
			);
			dependencies = (
				36132FE02167F1930039ADE4 /* PBXTargetDependency */,
			);
			name = TumblrUITests;
			productName = TumblrUITests;
			productReference = 36132FDE2167F1930039ADE4 /* TumblrUITests.xctest */;
			productType = "com.apple.product-type.bundle.ui-testing";
		};
/* End PBXNativeTarget section */

/* Begin PBXProject section */
		36132FB72167F1910039ADE4 /* Project object */ = {
			isa = PBXProject;
			attributes = {
				LastSwiftUpdateCheck = 0940;
				LastUpgradeCheck = 0940;
				ORGANIZATIONNAME = "Sumaiya Mahin";
				TargetAttributes = {
					36132FBE2167F1910039ADE4 = {
						CreatedOnToolsVersion = 9.4.1;
					};
					36132FD22167F1930039ADE4 = {
						CreatedOnToolsVersion = 9.4.1;
						TestTargetID = 36132FBE2167F1910039ADE4;
					};
					36132FDD2167F1930039ADE4 = {
						CreatedOnToolsVersion = 9.4.1;
						TestTargetID = 36132FBE2167F1910039ADE4;
					};
				};
			};
			buildConfigurationList = 36132FBA2167F1910039ADE4 /* Build configuration list for PBXProject "Tumblr" */;
			compatibilityVersion = "Xcode 9.3";
			developmentRegion = en;
			hasScannedForEncodings = 0;
			knownRegions = (
				en,
				Base,
			);
			mainGroup = 36132FB62167F1910039ADE4;
			productRefGroup = 36132FC02167F1910039ADE4 /* Products */;
			projectDirPath = "";
			projectRoot = "";
			targets = (
				36132FBE2167F1910039ADE4 /* Tumblr */,
				36132FD22167F1930039ADE4 /* TumblrTests */,
				36132FDD2167F1930039ADE4 /* TumblrUITests */,
			);
		};
/* End PBXProject section */

/* Begin PBXResourcesBuildPhase section */
		36132FBD2167F1910039ADE4 /* Resources */ = {
			isa = PBXResourcesBuildPhase;
			buildActionMask = 2147483647;
			files = (
				36132FCD2167F1930039ADE4 /* LaunchScreen.storyboard in Resources */,
				36132FCA2167F1930039ADE4 /* Assets.xcassets in Resources */,
				36132FC82167F1920039ADE4 /* Main.storyboard in Resources */,
			);
			runOnlyForDeploymentPostprocessing = 0;
		};
		36132FD12167F1930039ADE4 /* Resources */ = {
			isa = PBXResourcesBuildPhase;
			buildActionMask = 2147483647;
			files = (
			);
			runOnlyForDeploymentPostprocessing = 0;
		};
		36132FDC2167F1930039ADE4 /* Resources */ = {
			isa = PBXResourcesBuildPhase;
			buildActionMask = 2147483647;
			files = (
			);
			runOnlyForDeploymentPostprocessing = 0;
		};
/* End PBXResourcesBuildPhase section */

/* Begin PBXSourcesBuildPhase section */
		36132FBB2167F1910039ADE4 /* Sources */ = {
			isa = PBXSourcesBuildPhase;
			buildActionMask = 2147483647;
			files = (
				36132FC52167F1910039ADE4 /* ViewController.swift in Sources */,
				36132FC32167F1910039ADE4 /* AppDelegate.swift in Sources */,
			);
			runOnlyForDeploymentPostprocessing = 0;
		};
		36132FCF2167F1930039ADE4 /* Sources */ = {
			isa = PBXSourcesBuildPhase;
			buildActionMask = 2147483647;
			files = (
				36132FD82167F1930039ADE4 /* TumblrTests.swift in Sources */,
			);
			runOnlyForDeploymentPostprocessing = 0;
		};
		36132FDA2167F1930039ADE4 /* Sources */ = {
			isa = PBXSourcesBuildPhase;
			buildActionMask = 2147483647;
			files = (
				36132FE32167F1930039ADE4 /* TumblrUITests.swift in Sources */,
			);
			runOnlyForDeploymentPostprocessing = 0;
		};
/* End PBXSourcesBuildPhase section */

/* Begin PBXTargetDependency section */
		36132FD52167F1930039ADE4 /* PBXTargetDependency */ = {
			isa = PBXTargetDependency;
			target = 36132FBE2167F1910039ADE4 /* Tumblr */;
			targetProxy = 36132FD42167F1930039ADE4 /* PBXContainerItemProxy */;
		};
		36132FE02167F1930039ADE4 /* PBXTargetDependency */ = {
			isa = PBXTargetDependency;
			target = 36132FBE2167F1910039ADE4 /* Tumblr */;
			targetProxy = 36132FDF2167F1930039ADE4 /* PBXContainerItemProxy */;
		};
/* End PBXTargetDependency section */

/* Begin PBXVariantGroup section */
		36132FC62167F1920039ADE4 /* Main.storyboard */ = {
			isa = PBXVariantGroup;
			children = (
				36132FC72167F1920039ADE4 /* Base */,
			);
			name = Main.storyboard;
			sourceTree = "<group>";
		};
		36132FCB2167F1930039ADE4 /* LaunchScreen.storyboard */ = {
			isa = PBXVariantGroup;
			children = (
				36132FCC2167F1930039ADE4 /* Base */,
			);
			name = LaunchScreen.storyboard;
			sourceTree = "<group>";
		};
/* End PBXVariantGroup section */

/* Begin XCBuildConfiguration section */
		36132FE52167F1930039ADE4 /* Debug */ = {
			isa = XCBuildConfiguration;
			buildSettings = {
				ALWAYS_SEARCH_USER_PATHS = NO;
				CLANG_ANALYZER_NONNULL = YES;
				CLANG_ANALYZER_NUMBER_OBJECT_CONVERSION = YES_AGGRESSIVE;
				CLANG_CXX_LANGUAGE_STANDARD = "gnu++14";
				CLANG_CXX_LIBRARY = "libc++";
				CLANG_ENABLE_MODULES = YES;
				CLANG_ENABLE_OBJC_ARC = YES;
				CLANG_ENABLE_OBJC_WEAK = YES;
				CLANG_WARN_BLOCK_CAPTURE_AUTORELEASING = YES;
				CLANG_WARN_BOOL_CONVERSION = YES;
				CLANG_WARN_COMMA = YES;
				CLANG_WARN_CONSTANT_CONVERSION = YES;
				CLANG_WARN_DEPRECATED_OBJC_IMPLEMENTATIONS = YES;
				CLANG_WARN_DIRECT_OBJC_ISA_USAGE = YES_ERROR;
				CLANG_WARN_DOCUMENTATION_COMMENTS = YES;
				CLANG_WARN_EMPTY_BODY = YES;
				CLANG_WARN_ENUM_CONVERSION = YES;
				CLANG_WARN_INFINITE_RECURSION = YES;
				CLANG_WARN_INT_CONVERSION = YES;
				CLANG_WARN_NON_LITERAL_NULL_CONVERSION = YES;
				CLANG_WARN_OBJC_IMPLICIT_RETAIN_SELF = YES;
				CLANG_WARN_OBJC_LITERAL_CONVERSION = YES;
				CLANG_WARN_OBJC_ROOT_CLASS = YES_ERROR;
				CLANG_WARN_RANGE_LOOP_ANALYSIS = YES;
				CLANG_WARN_STRICT_PROTOTYPES = YES;
				CLANG_WARN_SUSPICIOUS_MOVE = YES;
				CLANG_WARN_UNGUARDED_AVAILABILITY = YES_AGGRESSIVE;
				CLANG_WARN_UNREACHABLE_CODE = YES;
				CLANG_WARN__DUPLICATE_METHOD_MATCH = YES;
				CODE_SIGN_IDENTITY = "iPhone Developer";
				COPY_PHASE_STRIP = NO;
				DEBUG_INFORMATION_FORMAT = dwarf;
				ENABLE_STRICT_OBJC_MSGSEND = YES;
				ENABLE_TESTABILITY = YES;
				GCC_C_LANGUAGE_STANDARD = gnu11;
				GCC_DYNAMIC_NO_PIC = NO;
				GCC_NO_COMMON_BLOCKS = YES;
				GCC_OPTIMIZATION_LEVEL = 0;
				GCC_PREPROCESSOR_DEFINITIONS = (
					"DEBUG=1",
					"$(inherited)",
				);
				GCC_WARN_64_TO_32_BIT_CONVERSION = YES;
				GCC_WARN_ABOUT_RETURN_TYPE = YES_ERROR;
				GCC_WARN_UNDECLARED_SELECTOR = YES;
				GCC_WARN_UNINITIALIZED_AUTOS = YES_AGGRESSIVE;
				GCC_WARN_UNUSED_FUNCTION = YES;
				GCC_WARN_UNUSED_VARIABLE = YES;
				IPHONEOS_DEPLOYMENT_TARGET = 11.4;
				MTL_ENABLE_DEBUG_INFO = YES;
				ONLY_ACTIVE_ARCH = YES;
				SDKROOT = iphoneos;
				SWIFT_ACTIVE_COMPILATION_CONDITIONS = DEBUG;
				SWIFT_OPTIMIZATION_LEVEL = "-Onone";
			};
			name = Debug;
		};
		36132FE62167F1930039ADE4 /* Release */ = {
			isa = XCBuildConfiguration;
			buildSettings = {
				ALWAYS_SEARCH_USER_PATHS = NO;
				CLANG_ANALYZER_NONNULL = YES;
				CLANG_ANALYZER_NUMBER_OBJECT_CONVERSION = YES_AGGRESSIVE;
				CLANG_CXX_LANGUAGE_STANDARD = "gnu++14";
				CLANG_CXX_LIBRARY = "libc++";
				CLANG_ENABLE_MODULES = YES;
				CLANG_ENABLE_OBJC_ARC = YES;
				CLANG_ENABLE_OBJC_WEAK = YES;
				CLANG_WARN_BLOCK_CAPTURE_AUTORELEASING = YES;
				CLANG_WARN_BOOL_CONVERSION = YES;
				CLANG_WARN_COMMA = YES;
				CLANG_WARN_CONSTANT_CONVERSION = YES;
				CLANG_WARN_DEPRECATED_OBJC_IMPLEMENTATIONS = YES;
				CLANG_WARN_DIRECT_OBJC_ISA_USAGE = YES_ERROR;
				CLANG_WARN_DOCUMENTATION_COMMENTS = YES;
				CLANG_WARN_EMPTY_BODY = YES;
				CLANG_WARN_ENUM_CONVERSION = YES;
				CLANG_WARN_INFINITE_RECURSION = YES;
				CLANG_WARN_INT_CONVERSION = YES;
				CLANG_WARN_NON_LITERAL_NULL_CONVERSION = YES;
				CLANG_WARN_OBJC_IMPLICIT_RETAIN_SELF = YES;
				CLANG_WARN_OBJC_LITERAL_CONVERSION = YES;
				CLANG_WARN_OBJC_ROOT_CLASS = YES_ERROR;
				CLANG_WARN_RANGE_LOOP_ANALYSIS = YES;
				CLANG_WARN_STRICT_PROTOTYPES = YES;
				CLANG_WARN_SUSPICIOUS_MOVE = YES;
				CLANG_WARN_UNGUARDED_AVAILABILITY = YES_AGGRESSIVE;
				CLANG_WARN_UNREACHABLE_CODE = YES;
				CLANG_WARN__DUPLICATE_METHOD_MATCH = YES;
				CODE_SIGN_IDENTITY = "iPhone Developer";
				COPY_PHASE_STRIP = NO;
				DEBUG_INFORMATION_FORMAT = "dwarf-with-dsym";
				ENABLE_NS_ASSERTIONS = NO;
				ENABLE_STRICT_OBJC_MSGSEND = YES;
				GCC_C_LANGUAGE_STANDARD = gnu11;
				GCC_NO_COMMON_BLOCKS = YES;
				GCC_WARN_64_TO_32_BIT_CONVERSION = YES;
				GCC_WARN_ABOUT_RETURN_TYPE = YES_ERROR;
				GCC_WARN_UNDECLARED_SELECTOR = YES;
				GCC_WARN_UNINITIALIZED_AUTOS = YES_AGGRESSIVE;
				GCC_WARN_UNUSED_FUNCTION = YES;
				GCC_WARN_UNUSED_VARIABLE = YES;
				IPHONEOS_DEPLOYMENT_TARGET = 11.4;
				MTL_ENABLE_DEBUG_INFO = NO;
				SDKROOT = iphoneos;
				SWIFT_COMPILATION_MODE = wholemodule;
				SWIFT_OPTIMIZATION_LEVEL = "-O";
				VALIDATE_PRODUCT = YES;
			};
			name = Release;
		};
		36132FE82167F1930039ADE4 /* Debug */ = {
			isa = XCBuildConfiguration;
			buildSettings = {
				ASSETCATALOG_COMPILER_APPICON_NAME = AppIcon;
				CODE_SIGN_STYLE = Automatic;
				DEVELOPMENT_TEAM = PL28N2PPXP;
				INFOPLIST_FILE = Tumblr/Info.plist;
				LD_RUNPATH_SEARCH_PATHS = (
					"$(inherited)",
					"@executable_path/Frameworks",
				);
				PRODUCT_BUNDLE_IDENTIFIER = com.codepath.Tumblr;
				PRODUCT_NAME = "$(TARGET_NAME)";
				SWIFT_VERSION = 4.0;
				TARGETED_DEVICE_FAMILY = "1,2";
			};
			name = Debug;
		};
		36132FE92167F1930039ADE4 /* Release */ = {
			isa = XCBuildConfiguration;
			buildSettings = {
				ASSETCATALOG_COMPILER_APPICON_NAME = AppIcon;
				CODE_SIGN_STYLE = Automatic;
				DEVELOPMENT_TEAM = PL28N2PPXP;
				INFOPLIST_FILE = Tumblr/Info.plist;
				LD_RUNPATH_SEARCH_PATHS = (
					"$(inherited)",
					"@executable_path/Frameworks",
				);
				PRODUCT_BUNDLE_IDENTIFIER = com.codepath.Tumblr;
				PRODUCT_NAME = "$(TARGET_NAME)";
				SWIFT_VERSION = 4.0;
				TARGETED_DEVICE_FAMILY = "1,2";
			};
			name = Release;
		};
		36132FEB2167F1930039ADE4 /* Debug */ = {
			isa = XCBuildConfiguration;
			buildSettings = {
				ALWAYS_EMBED_SWIFT_STANDARD_LIBRARIES = YES;
				BUNDLE_LOADER = "$(TEST_HOST)";
				CODE_SIGN_STYLE = Automatic;
				DEVELOPMENT_TEAM = PL28N2PPXP;
				INFOPLIST_FILE = TumblrTests/Info.plist;
				LD_RUNPATH_SEARCH_PATHS = (
					"$(inherited)",
					"@executable_path/Frameworks",
					"@loader_path/Frameworks",
				);
				PRODUCT_BUNDLE_IDENTIFIER = com.codepath.TumblrTests;
				PRODUCT_NAME = "$(TARGET_NAME)";
				SWIFT_VERSION = 4.0;
				TARGETED_DEVICE_FAMILY = "1,2";
				TEST_HOST = "$(BUILT_PRODUCTS_DIR)/Tumblr.app/Tumblr";
			};
			name = Debug;
		};
		36132FEC2167F1930039ADE4 /* Release */ = {
			isa = XCBuildConfiguration;
			buildSettings = {
				ALWAYS_EMBED_SWIFT_STANDARD_LIBRARIES = YES;
				BUNDLE_LOADER = "$(TEST_HOST)";
				CODE_SIGN_STYLE = Automatic;
				DEVELOPMENT_TEAM = PL28N2PPXP;
				INFOPLIST_FILE = TumblrTests/Info.plist;
				LD_RUNPATH_SEARCH_PATHS = (
					"$(inherited)",
					"@executable_path/Frameworks",
					"@loader_path/Frameworks",
				);
				PRODUCT_BUNDLE_IDENTIFIER = com.codepath.TumblrTests;
				PRODUCT_NAME = "$(TARGET_NAME)";
				SWIFT_VERSION = 4.0;
				TARGETED_DEVICE_FAMILY = "1,2";
				TEST_HOST = "$(BUILT_PRODUCTS_DIR)/Tumblr.app/Tumblr";
			};
			name = Release;
		};
		36132FEE2167F1930039ADE4 /* Debug */ = {
			isa = XCBuildConfiguration;
			buildSettings = {
				ALWAYS_EMBED_SWIFT_STANDARD_LIBRARIES = YES;
				CODE_SIGN_STYLE = Automatic;
				DEVELOPMENT_TEAM = PL28N2PPXP;
				INFOPLIST_FILE = TumblrUITests/Info.plist;
				LD_RUNPATH_SEARCH_PATHS = (
					"$(inherited)",
					"@executable_path/Frameworks",
					"@loader_path/Frameworks",
				);
				PRODUCT_BUNDLE_IDENTIFIER = com.codepath.TumblrUITests;
				PRODUCT_NAME = "$(TARGET_NAME)";
				SWIFT_VERSION = 4.0;
				TARGETED_DEVICE_FAMILY = "1,2";
				TEST_TARGET_NAME = Tumblr;
			};
			name = Debug;
		};
		36132FEF2167F1930039ADE4 /* Release */ = {
			isa = XCBuildConfiguration;
			buildSettings = {
				ALWAYS_EMBED_SWIFT_STANDARD_LIBRARIES = YES;
				CODE_SIGN_STYLE = Automatic;
				DEVELOPMENT_TEAM = PL28N2PPXP;
				INFOPLIST_FILE = TumblrUITests/Info.plist;
				LD_RUNPATH_SEARCH_PATHS = (
					"$(inherited)",
					"@executable_path/Frameworks",
					"@loader_path/Frameworks",
				);
				PRODUCT_BUNDLE_IDENTIFIER = com.codepath.TumblrUITests;
				PRODUCT_NAME = "$(TARGET_NAME)";
				SWIFT_VERSION = 4.0;
				TARGETED_DEVICE_FAMILY = "1,2";
				TEST_TARGET_NAME = Tumblr;
			};
			name = Release;
		};
/* End XCBuildConfiguration section */

/* Begin XCConfigurationList section */
		36132FBA2167F1910039ADE4 /* Build configuration list for PBXProject "Tumblr" */ = {
			isa = XCConfigurationList;
			buildConfigurations = (
				36132FE52167F1930039ADE4 /* Debug */,
				36132FE62167F1930039ADE4 /* Release */,
			);
			defaultConfigurationIsVisible = 0;
			defaultConfigurationName = Release;
		};
		36132FE72167F1930039ADE4 /* Build configuration list for PBXNativeTarget "Tumblr" */ = {
			isa = XCConfigurationList;
			buildConfigurations = (
				36132FE82167F1930039ADE4 /* Debug */,
				36132FE92167F1930039ADE4 /* Release */,
			);
			defaultConfigurationIsVisible = 0;
			defaultConfigurationName = Release;
		};
		36132FEA2167F1930039ADE4 /* Build configuration list for PBXNativeTarget "TumblrTests" */ = {
			isa = XCConfigurationList;
			buildConfigurations = (
				36132FEB2167F1930039ADE4 /* Debug */,
				36132FEC2167F1930039ADE4 /* Release */,
			);
			defaultConfigurationIsVisible = 0;
			defaultConfigurationName = Release;
		};
		36132FED2167F1930039ADE4 /* Build configuration list for PBXNativeTarget "TumblrUITests" */ = {
			isa = XCConfigurationList;
			buildConfigurations = (
				36132FEE2167F1930039ADE4 /* Debug */,
				36132FEF2167F1930039ADE4 /* Release */,
			);
			defaultConfigurationIsVisible = 0;
			defaultConfigurationName = Release;
		};
/* End XCConfigurationList section */
	};
	rootObject = 36132FB72167F1910039ADE4 /* Project object */;
}
